{
  "name": "frenet-serret-frames",
  "version": "3.1.1",
  "lockfileVersion": 2,
  "requires": true,
  "packages": {
    "": {
      "name": "frenet-serret-frames",
      "version": "3.1.1",
      "funding": [
        {
          "type": "individual",
          "url": "https://paypal.me/dmnsgn"
        },
        {
          "type": "individual",
          "url": "https://commerce.coinbase.com/checkout/56cbdf28-e323-48d8-9c98-7019e72c97f3"
        }
      ],
      "license": "MIT",
      "dependencies": {
        "path-tangents": "^3.1.1",
        "pex-math": "^4.1.0"
      },
      "devDependencies": {
        "es-module-shims": "^1.10.0",
        "pex-cam": "^3.0.0-alpha.1",
        "pex-context": "^3.1.1",
        "tweakpane": "^4.0.4"
      },
      "engines": {
        "node": ">=22.0.0",
        "npm": ">=10.5.1",
        "snowdev": "2.0.0-alpha.28"
      }
    },
    "node_modules/es-module-shims": {
      "version": "1.10.0",
      "resolved": "https://registry.npmjs.org/es-module-shims/-/es-module-shims-1.10.0.tgz",
      "integrity": "sha512-3PmuShQBd9d8pulTFx6L7HKgncnZ1oeSSbrEfnUasb3Tv974BAvyFtW1HLPJSkh5fCaU9JNZbBzPdbxSwg2zqA==",
      "dev": true,
      "license": "MIT"
    },
    "node_modules/interpolate-angle": {
      "version": "1.0.2",
      "resolved": "https://registry.npmjs.org/interpolate-angle/-/interpolate-angle-1.0.2.tgz",
      "integrity": "sha1-q6mSFyJy4ucJOMlTC0HcNcV+5do=",
      "dev": true,
      "dependencies": {
        "lerp": "^1.0.3"
      }
    },
    "node_modules/latlon-to-xyz": {
      "version": "1.0.1",
      "resolved": "https://registry.npmjs.org/latlon-to-xyz/-/latlon-to-xyz-1.0.1.tgz",
      "integrity": "sha512-OF65aE60Y9aMOibxWFC2Vl7EN2BOtMKabm0t97+VaVgR9LoStZHbNNMc8dS/LG6iE1BpEXmnoH85wWr1drp/Tw==",
      "dev": true
    },
    "node_modules/lerp": {
      "version": "1.0.3",
      "resolved": "https://registry.npmjs.org/lerp/-/lerp-1.0.3.tgz",
      "integrity": "sha1-oYyJaPkXiW3hXM/MKNVaa3Med24=",
      "dev": true
    },
    "node_modules/mouse-event-offset": {
      "version": "3.0.2",
      "resolved": "https://registry.npmjs.org/mouse-event-offset/-/mouse-event-offset-3.0.2.tgz",
      "integrity": "sha1-39hqbiSMa6jK1TuQXVA3ogY+mYQ=",
      "dev": true
    },
    "node_modules/path-tangents": {
      "version": "3.1.1",
      "resolved": "https://registry.npmjs.org/path-tangents/-/path-tangents-3.1.1.tgz",
      "integrity": "sha512-MT3tKy/JqGUGHnBqN0/9Wr5FhZeZDQoS+azOhIikU19yvAgxhPVwNH0VBHdxKB6Aik0bymIO0OkhVJSOziw2jA==",
      "funding": [
        {
          "type": "individual",
          "url": "https://paypal.me/dmnsgn"
        },
        {
          "type": "individual",
          "url": "https://commerce.coinbase.com/checkout/56cbdf28-e323-48d8-9c98-7019e72c97f3"
        }
      ],
      "license": "MIT",
      "dependencies": {
        "pex-math": "^4.1.0"
      },
      "engines": {
        "node": ">=22.0.0",
        "npm": ">=10.5.1",
        "snowdev": ">=2.2.x"
      }
    },
    "node_modules/pex-cam": {
      "version": "3.0.0-alpha.1",
      "resolved": "https://registry.npmjs.org/pex-cam/-/pex-cam-3.0.0-alpha.1.tgz",
      "integrity": "sha512-mVDMzz5cyGA2em7k/fq9Yq9inO1hRputz4poeiXKdzydUh+EHXVvx3gzNyeXez2BTfV0TLpuoCgoLYLc5b4Ifw==",
      "dev": true,
      "dependencies": {
        "interpolate-angle": "^1.0.2",
        "latlon-to-xyz": "^1.0.1",
        "mouse-event-offset": "^3.0.2",
        "pex-geom": "^3.0.0-alpha.0",
        "pex-math": "^4.0.0-alpha.1",
        "xyz-to-latlon": "^1.0.2"
      },
      "engines": {
        "node": ">=16.0.0",
        "npm": ">=7.0.0"
      }
    },
    "node_modules/pex-context": {
      "version": "3.1.1",
      "resolved": "https://registry.npmjs.org/pex-context/-/pex-context-3.1.1.tgz",
      "integrity": "sha512-OywuWZIJSGSyELXmu9T1fDudtoBSkAF2Yae4GtvusFc3TaX6Jc93xMC6wl+VOjUTzSYONa5SxjRjwV6LX7nr6Q==",
      "dev": true,
      "license": "MIT",
      "dependencies": {
        "pex-gl": "^3.0.1"
      },
      "engines": {
        "node": ">=22.0.0",
        "npm": ">=10.5.1",
        "snowdev": "2.0.0-alpha.30"
      }
    },
    "node_modules/pex-geom": {
      "version": "3.0.0-alpha.3",
      "resolved": "https://registry.npmjs.org/pex-geom/-/pex-geom-3.0.0-alpha.3.tgz",
      "integrity": "sha512-VxwL3JgaH34gWY/ft1//TftiigrER9WWC4p2Q3sfjOJH9FyHRqgYACkT8j/XlR2140PP7sBRUQoZSA4jKSY5bA==",
      "dev": true,
      "dependencies": {
        "pex-math": "^4.0.0-alpha.2"
      },
      "engines": {
        "node": ">=16.0.0",
        "npm": ">=7.0.0"
      }
    },
    "node_modules/pex-gl": {
      "version": "3.0.1",
      "resolved": "https://registry.npmjs.org/pex-gl/-/pex-gl-3.0.1.tgz",
      "integrity": "sha512-RSbWPhWSjBLc+9tkfMeTR+G9rg9ESXHRyK7t2Qa3Nuupo4SDPiVw0RuZkgDfTpu4RiDZV6nBdGof7J/XIqTP2Q==",
      "dev": true,
      "license": "MIT",
      "engines": {
        "node": ">=18.0.0",
        "npm": ">=8.6.0"
      }
    },
    "node_modules/pex-math": {
      "version": "4.1.0",
      "resolved": "https://registry.npmjs.org/pex-math/-/pex-math-4.1.0.tgz",
      "integrity": "sha512-rpb92xRnGan4qOh0cXk8kD4GXXvt6ntQykkegjSU186pJ6uGJ/UJJ3amt9SQenmiEQHU2SXKvZImyzo1RTX61w==",
      "engines": {
        "node": ">=20.0.0",
        "npm": ">=9.6.4"
      }
    },
    "node_modules/tweakpane": {
      "version": "4.0.4",
      "resolved": "https://registry.npmjs.org/tweakpane/-/tweakpane-4.0.4.tgz",
      "integrity": "sha512-RkWD54zDlEbnN01wQPk0ANHGbdCvlJx/E8A1QxhTfCbX+ROWos1Ws2MnhOm39aUGMOh+36TjUwpDmLfmwTr1Fg==",
      "dev": true,
      "license": "MIT",
      "funding": {
        "url": "https://github.com/sponsors/cocopon"
      }
    },
    "node_modules/xyz-to-latlon": {
      "version": "1.0.2",
      "resolved": "https://registry.npmjs.org/xyz-to-latlon/-/xyz-to-latlon-1.0.2.tgz",
      "integrity": "sha512-iTQe5HIzAE0r2L2u2abs17s/SekCCUAlIHzYnHHo10aR0B1iKRSGye33z7a52IMJoUUMTpPwNUTNIy+OhZVRIg==",
      "dev": true
    }
  },
  "dependencies": {
    "es-module-shims": {
      "version": "1.10.0",
      "resolved": "https://registry.npmjs.org/es-module-shims/-/es-module-shims-1.10.0.tgz",
      "integrity": "sha512-3PmuShQBd9d8pulTFx6L7HKgncnZ1oeSSbrEfnUasb3Tv974BAvyFtW1HLPJSkh5fCaU9JNZbBzPdbxSwg2zqA==",
      "dev": true
    },
    "interpolate-angle": {
      "version": "1.0.2",
      "resolved": "https://registry.npmjs.org/interpolate-angle/-/interpolate-angle-1.0.2.tgz",
      "integrity": "sha1-q6mSFyJy4ucJOMlTC0HcNcV+5do=",
      "dev": true,
      "requires": {
        "lerp": "^1.0.3"
      }
    },
    "latlon-to-xyz": {
      "version": "1.0.1",
      "resolved": "https://registry.npmjs.org/latlon-to-xyz/-/latlon-to-xyz-1.0.1.tgz",
      "integrity": "sha512-OF65aE60Y9aMOibxWFC2Vl7EN2BOtMKabm0t97+VaVgR9LoStZHbNNMc8dS/LG6iE1BpEXmnoH85wWr1drp/Tw==",
      "dev": true
    },
    "lerp": {
      "version": "1.0.3",
      "resolved": "https://registry.npmjs.org/lerp/-/lerp-1.0.3.tgz",
      "integrity": "sha1-oYyJaPkXiW3hXM/MKNVaa3Med24=",
      "dev": true
    },
    "mouse-event-offset": {
      "version": "3.0.2",
      "resolved": "https://registry.npmjs.org/mouse-event-offset/-/mouse-event-offset-3.0.2.tgz",
      "integrity": "sha1-39hqbiSMa6jK1TuQXVA3ogY+mYQ=",
      "dev": true
    },
    "path-tangents": {
      "version": "3.1.1",
      "resolved": "https://registry.npmjs.org/path-tangents/-/path-tangents-3.1.1.tgz",
      "integrity": "sha512-MT3tKy/JqGUGHnBqN0/9Wr5FhZeZDQoS+azOhIikU19yvAgxhPVwNH0VBHdxKB6Aik0bymIO0OkhVJSOziw2jA==",
      "requires": {
        "pex-math": "^4.1.0"
      }
    },
    "pex-cam": {
      "version": "3.0.0-alpha.1",
      "resolved": "https://registry.npmjs.org/pex-cam/-/pex-cam-3.0.0-alpha.1.tgz",
      "integrity": "sha512-mVDMzz5cyGA2em7k/fq9Yq9inO1hRputz4poeiXKdzydUh+EHXVvx3gzNyeXez2BTfV0TLpuoCgoLYLc5b4Ifw==",
      "dev": true,
      "requires": {
        "interpolate-angle": "^1.0.2",
        "latlon-to-xyz": "^1.0.1",
        "mouse-event-offset": "^3.0.2",
        "pex-geom": "^3.0.0-alpha.0",
        "pex-math": "^4.0.0-alpha.1",
        "xyz-to-latlon": "^1.0.2"
      }
    },
    "pex-context": {
      "version": "3.1.1",
      "resolved": "https://registry.npmjs.org/pex-context/-/pex-context-3.1.1.tgz",
      "integrity": "sha512-OywuWZIJSGSyELXmu9T1fDudtoBSkAF2Yae4GtvusFc3TaX6Jc93xMC6wl+VOjUTzSYONa5SxjRjwV6LX7nr6Q==",
      "dev": true,
      "requires": {
        "pex-gl": "^3.0.1"
      }
    },
    "pex-geom": {
      "version": "3.0.0-alpha.3",
      "resolved": "https://registry.npmjs.org/pex-geom/-/pex-geom-3.0.0-alpha.3.tgz",
      "integrity": "sha512-VxwL3JgaH34gWY/ft1//TftiigrER9WWC4p2Q3sfjOJH9FyHRqgYACkT8j/XlR2140PP7sBRUQoZSA4jKSY5bA==",
      "dev": true,
      "requires": {
        "pex-math": "^4.0.0-alpha.2"
      }
    },
    "pex-gl": {
      "version": "3.0.1",
      "resolved": "https://registry.npmjs.org/pex-gl/-/pex-gl-3.0.1.tgz",
      "integrity": "sha512-RSbWPhWSjBLc+9tkfMeTR+G9rg9ESXHRyK7t2Qa3Nuupo4SDPiVw0RuZkgDfTpu4RiDZV6nBdGof7J/XIqTP2Q==",
      "dev": true
    },
    "pex-math": {
      "version": "4.1.0",
      "resolved": "https://registry.npmjs.org/pex-math/-/pex-math-4.1.0.tgz",
      "integrity": "sha512-rpb92xRnGan4qOh0cXk8kD4GXXvt6ntQykkegjSU186pJ6uGJ/UJJ3amt9SQenmiEQHU2SXKvZImyzo1RTX61w=="
    },
    "tweakpane": {
      "version": "4.0.4",
      "resolved": "https://registry.npmjs.org/tweakpane/-/tweakpane-4.0.4.tgz",
      "integrity": "sha512-RkWD54zDlEbnN01wQPk0ANHGbdCvlJx/E8A1QxhTfCbX+ROWos1Ws2MnhOm39aUGMOh+36TjUwpDmLfmwTr1Fg==",
      "dev": true
    },
    "xyz-to-latlon": {
      "version": "1.0.2",
      "resolved": "https://registry.npmjs.org/xyz-to-latlon/-/xyz-to-latlon-1.0.2.tgz",
      "integrity": "sha512-iTQe5HIzAE0r2L2u2abs17s/SekCCUAlIHzYnHHo10aR0B1iKRSGye33z7a52IMJoUUMTpPwNUTNIy+OhZVRIg==",
      "dev": true
    }
  }
}
